
Microsoft Visual Studio Solution File, Format Version 12.00
# Visual Studio Version 17
VisualStudioVersion = 17.14.36109.1
MinimumVisualStudioVersion = 10.0.40219.1
Project("{FAE04EC0-301F-11D3-BF4B-00C04F79EFBC}") = "DynamicCode", "DynamicCode\DynamicCode.csproj", "{B1C8A93B-282C-4276-84D0-A3A05BB68B5B}"
EndProject
Project("{FAE04EC0-301F-11D3-BF4B-00C04F79EFBC}") = "DynamicCode.TestApp", "DynamicCode.TestApp\DynamicCode.TestApp.csproj", "{90B08309-C46F-4EBC-8F0E-527F0F380E0C}"
EndProject
Project("{FAE04EC0-301F-11D3-BF4B-00C04F79EFBC}") = "DynamicCode.Test", "DynamicCode.Test\DynamicCode.Test.csproj", "{B5D3E359-4045-4BF3-B9E4-D14382EED017}"
EndProject
Global
	GlobalSection(SolutionConfigurationPlatforms) = preSolution
		Debug|Any CPU = Debug|Any CPU
		Release|Any CPU = Release|Any CPU
	EndGlobalSection
	GlobalSection(ProjectConfigurationPlatforms) = postSolution
		{B1C8A93B-282C-4276-84D0-A3A05BB68B5B}.Debug|Any CPU.ActiveCfg = Debug|Any CPU
		{B1C8A93B-282C-4276-84D0-A3A05BB68B5B}.Debug|Any CPU.Build.0 = Debug|Any CPU
		{B1C8A93B-282C-4276-84D0-A3A05BB68B5B}.Release|Any CPU.ActiveCfg = Release|Any CPU
		{B1C8A93B-282C-4276-84D0-A3A05BB68B5B}.Release|Any CPU.Build.0 = Release|Any CPU
		{90B08309-C46F-4EBC-8F0E-527F0F380E0C}.Debug|Any CPU.ActiveCfg = Debug|Any CPU
		{90B08309-C46F-4EBC-8F0E-527F0F380E0C}.Debug|Any CPU.Build.0 = Debug|Any CPU
		{90B08309-C46F-4EBC-8F0E-527F0F380E0C}.Release|Any CPU.ActiveCfg = Release|Any CPU
		{90B08309-C46F-4EBC-8F0E-527F0F380E0C}.Release|Any CPU.Build.0 = Release|Any CPU
		{B5D3E359-4045-4BF3-B9E4-D14382EED017}.Debug|Any CPU.ActiveCfg = Debug|Any CPU
		{B5D3E359-4045-4BF3-B9E4-D14382EED017}.Debug|Any CPU.Build.0 = Debug|Any CPU
		{B5D3E359-4045-4BF3-B9E4-D14382EED017}.Release|Any CPU.ActiveCfg = Release|Any CPU
		{B5D3E359-4045-4BF3-B9E4-D14382EED017}.Release|Any CPU.Build.0 = Release|Any CPU
	EndGlobalSection
	GlobalSection(SolutionProperties) = preSolution
		HideSolutionNode = FALSE
	EndGlobalSection
	GlobalSection(ExtensibilityGlobals) = postSolution
		SolutionGuid = {50EAFF9E-8A14-4C4D-9DB8-DC2E55204FA6}
	EndGlobalSection
EndGlobal
